// !$*UTF8*$!
{
	archiveVersion = 1;
	classes = {
	};
	objectVersion = 55;
	objects = {

/* Begin PBXBuildFile section */
		8133C7262760A97D00977AFC /* ListView.swift in Sources */ = {isa = PBXBuildFile; fileRef = 8133C7252760A97D00977AFC /* ListView.swift */; };
		8133C7282760D89700977AFC /* WebView.swift in Sources */ = {isa = PBXBuildFile; fileRef = 8133C7272760D89700977AFC /* WebView.swift */; };
		814F0000275E812A00B15979 /* Assets.xcassets in Resources */ = {isa = PBXBuildFile; fileRef = 814FFFFF275E812A00B15979 /* Assets.xcassets */; };
		814F0003275E812A00B15979 /* Preview Assets.xcassets in Resources */ = {isa = PBXBuildFile; fileRef = 814F0002275E812A00B15979 /* Preview Assets.xcassets */; };
		814FFFFC275E812800B15979 /* Bookmark_UIApp.swift in Sources */ = {isa = PBXBuildFile; fileRef = 814FFFFB275E812800B15979 /* Bookmark_UIApp.swift */; };
		814FFFFE275E812800B15979 /* WelcomeScreen.swift in Sources */ = {isa = PBXBuildFile; fileRef = 814FFFFD275E812800B15979 /* WelcomeScreen.swift */; };
		81F8E563275FE29A00FA23B9 /* AddBookmark.swift in Sources */ = {isa = PBXBuildFile; fileRef = 81F8E562275FE29A00FA23B9 /* AddBookmark.swift */; };
		81F8E565275FE83100FA23B9 /* SaveBookmark.swift in Sources */ = {isa = PBXBuildFile; fileRef = 81F8E564275FE83000FA23B9 /* SaveBookmark.swift */; };
/* End PBXBuildFile section */

/* Begin PBXFileReference section */
		8133C7252760A97D00977AFC /* ListView.swift */ = {isa = PBXFileReference; lastKnownFileType = sourcecode.swift; path = ListView.swift; sourceTree = "<group>"; };
		8133C7272760D89700977AFC /* WebView.swift */ = {isa = PBXFileReference; lastKnownFileType = sourcecode.swift; path = WebView.swift; sourceTree = "<group>"; };
		814F0002275E812A00B15979 /* Preview Assets.xcassets */ = {isa = PBXFileReference; lastKnownFileType = folder.assetcatalog; path = "Preview Assets.xcassets"; sourceTree = "<group>"; };
		814FFFF8275E812800B15979 /* Bookmark UI.app */ = {isa = PBXFileReference; explicitFileType = wrapper.application; includeInIndex = 0; path = "Bookmark UI.app"; sourceTree = BUILT_PRODUCTS_DIR; };
		814FFFFB275E812800B15979 /* Bookmark_UIApp.swift */ = {isa = PBXFileReference; lastKnownFileType = sourcecode.swift; path = Bookmark_UIApp.swift; sourceTree = "<group>"; };
		814FFFFD275E812800B15979 /* WelcomeScreen.swift */ = {isa = PBXFileReference; lastKnownFileType = sourcecode.swift; path = WelcomeScreen.swift; sourceTree = "<group>"; };
		814FFFFF275E812A00B15979 /* Assets.xcassets */ = {isa = PBXFileReference; lastKnownFileType = folder.assetcatalog; path = Assets.xcassets; sourceTree = "<group>"; };
		81F8E562275FE29A00FA23B9 /* AddBookmark.swift */ = {isa = PBXFileReference; lastKnownFileType = sourcecode.swift; path = AddBookmark.swift; sourceTree = "<group>"; };
		81F8E564275FE83000FA23B9 /* SaveBookmark.swift */ = {isa = PBXFileReference; lastKnownFileType = sourcecode.swift; path = SaveBookmark.swift; sourceTree = "<group>"; };
/* End PBXFileReference section */

/* Begin PBXFrameworksBuildPhase section */
		814FFFF5275E812800B15979 /* Frameworks */ = {
			isa = PBXFrameworksBuildPhase;
			buildActionMask = 2147483647;
			files = (
			);
			runOnlyForDeploymentPostprocessing = 0;
		};
/* End PBXFrameworksBuildPhase section */

/* Begin PBXGroup section */
		814F0001275E812A00B15979 /* Preview Content */ = {
			isa = PBXGroup;
			children = (
				814F0002275E812A00B15979 /* Preview Assets.xcassets */,
			);
			path = "Preview Content";
			sourceTree = "<group>";
		};
		814FFFEF275E812800B15979 = {
			isa = PBXGroup;
			children = (
				814FFFFA275E812800B15979 /* Bookmark UI */,
				814FFFF9275E812800B15979 /* Products */,
			);
			sourceTree = "<group>";
		};
		814FFFF9275E812800B15979 /* Products */ = {
			isa = PBXGroup;
			children = (
				814FFFF8275E812800B15979 /* Bookmark UI.app */,
			);
			name = Products;
			sourceTree = "<group>";
		};
		814FFFFA275E812800B15979 /* Bookmark UI */ = {
			isa = PBXGroup;
			children = (
				814FFFFB275E812800B15979 /* Bookmark_UIApp.swift */,
				814FFFFD275E812800B15979 /* WelcomeScreen.swift */,
				81F8E562275FE29A00FA23B9 /* AddBookmark.swift */,
				81F8E564275FE83000FA23B9 /* SaveBookmark.swift */,
				8133C7252760A97D00977AFC /* ListView.swift */,
				8133C7272760D89700977AFC /* WebView.swift */,
				814FFFFF275E812A00B15979 /* Assets.xcassets */,
				814F0001275E812A00B15979 /* Preview Content */,
			);
			path = "Bookmark UI";
			sourceTree = "<group>";
		};
/* End PBXGroup section */

/* Begin PBXNativeTarget section */
		814FFFF7275E812800B15979 /* Bookmark UI */ = {
			isa = PBXNativeTarget;
			buildConfigurationList = 814F0006275E812A00B15979 /* Build configuration list for PBXNativeTarget "Bookmark UI" */;
			buildPhases = (
				814FFFF4275E812800B15979 /* Sources */,
				814FFFF5275E812800B15979 /* Frameworks */,
				814FFFF6275E812800B15979 /* Resources */,
			);
			buildRules = (
			);
			dependencies = (
			);
			name = "Bookmark UI";
			productName = "Bookmark UI";
			productReference = 814FFFF8275E812800B15979 /* Bookmark UI.app */;
			productType = "com.apple.product-type.application";
		};
/* End PBXNativeTarget section */

/* Begin PBXProject section */
		814FFFF0275E812800B15979 /* Project object */ = {
			isa = PBXProject;
			attributes = {
				BuildIndependentTargetsInParallel = 1;
				LastSwiftUpdateCheck = 1310;
				LastUpgradeCheck = 1310;
				TargetAttributes = {
					814FFFF7275E812800B15979 = {
						CreatedOnToolsVersion = 13.1;
					};
				};
			};
			buildConfigurationList = 814FFFF3275E812800B15979 /* Build configuration list for PBXProject "Bookmark UI" */;
			compatibilityVersion = "Xcode 13.0";
			developmentRegion = en;
			hasScannedForEncodings = 0;
			knownRegions = (
				en,
				Base,
			);
			mainGroup = 814FFFEF275E812800B15979;
			productRefGroup = 814FFFF9275E812800B15979 /* Products */;
			projectDirPath = "";
			projectRoot = "";
			targets = (
				814FFFF7275E812800B15979 /* Bookmark UI */,
			);
		};
/* End PBXProject section */

/* Begin PBXResourcesBuildPhase section */
		814FFFF6275E812800B15979 /* Resources */ = {
			isa = PBXResourcesBuildPhase;
			buildActionMask = 2147483647;
			files = (
				814F0003275E812A00B15979 /* Preview Assets.xcassets in Resources */,
				814F0000275E812A00B15979 /* Assets.xcassets in Resources */,
			);
			runOnlyForDeploymentPostprocessing = 0;
		};
/* End PBXResourcesBuildPhase section */

/* Begin PBXSourcesBuildPhase section */
		814FFFF4275E812800B15979 /* Sources */ = {
			isa = PBXSourcesBuildPhase;
			buildActionMask = 2147483647;
			files = (
				814FFFFE275E812800B15979 /* WelcomeScreen.swift in Sources */,
				814FFFFC275E812800B15979 /* Bookmark_UIApp.swift in Sources */,
				8133C7262760A97D00977AFC /* ListView.swift in Sources */,
				8133C7282760D89700977AFC /* WebView.swift in Sources */,
				81F8E565275FE83100FA23B9 /* SaveBookmark.swift in Sources */,
				81F8E563275FE29A00FA23B9 /* AddBookmark.swift in Sources */,
			);
			runOnlyForDeploymentPostprocessing = 0;
		};
/* End PBXSourcesBuildPhase section */

/* Begin XCBuildConfiguration section */
		814F0004275E812A00B15979 /* Debug */ = {
			isa = XCBuildConfiguration;
			buildSettings = {
				ALWAYS_SEARCH_USER_PATHS = NO;
				CLANG_ANALYZER_NONNULL = YES;
				CLANG_ANALYZER_NUMBER_OBJECT_CONVERSION = YES_AGGRESSIVE;
				CLANG_CXX_LANGUAGE_STANDARD = "gnu++17";
				CLANG_CXX_LIBRARY = "libc++";
				CLANG_ENABLE_MODULES = YES;
				CLANG_ENABLE_OBJC_ARC = YES;
				CLANG_ENABLE_OBJC_WEAK = YES;
				CLANG_WARN_BLOCK_CAPTURE_AUTORELEASING = YES;
				CLANG_WARN_BOOL_CONVERSION = YES;
				CLANG_WARN_COMMA = YES;
				CLANG_WARN_CONSTANT_CONVERSION = YES;
				CLANG_WARN_DEPRECATED_OBJC_IMPLEMENTATIONS = YES;
				CLANG_WARN_DIRECT_OBJC_ISA_USAGE = YES_ERROR;
				CLANG_WARN_DOCUMENTATION_COMMENTS = YES;
				CLANG_WARN_EMPTY_BODY = YES;
				CLANG_WARN_ENUM_CONVERSION = YES;
				CLANG_WARN_INFINITE_RECURSION = YES;
				CLANG_WARN_INT_CONVERSION = YES;
				CLANG_WARN_NON_LITERAL_NULL_CONVERSION = YES;
				CLANG_WARN_OBJC_IMPLICIT_RETAIN_SELF = YES;
				CLANG_WARN_OBJC_LITERAL_CONVERSION = YES;
				CLANG_WARN_OBJC_ROOT_CLASS = YES_ERROR;
				CLANG_WARN_QUOTED_INCLUDE_IN_FRAMEWORK_HEADER = YES;
				CLANG_WARN_RANGE_LOOP_ANALYSIS = YES;
				CLANG_WARN_STRICT_PROTOTYPES = YES;
				CLANG_WARN_SUSPICIOUS_MOVE = YES;
				CLANG_WARN_UNGUARDED_AVAILABILITY = YES_AGGRESSIVE;
				CLANG_WARN_UNREACHABLE_CODE = YES;
				CLANG_WARN__DUPLICATE_METHOD_MATCH = YES;
				COPY_PHASE_STRIP = NO;
				DEBUG_INFORMATION_FORMAT = dwarf;
				ENABLE_STRICT_OBJC_MSGSEND = YES;
				ENABLE_TESTABILITY = YES;
				GCC_C_LANGUAGE_STANDARD = gnu11;
				GCC_DYNAMIC_NO_PIC = NO;
				GCC_NO_COMMON_BLOCKS = YES;
				GCC_OPTIMIZATION_LEVEL = 0;
				GCC_PREPROCESSOR_DEFINITIONS = (
					"DEBUG=1",
					"$(inherited)",
				);
				GCC_WARN_64_TO_32_BIT_CONVERSION = YES;
				GCC_WARN_ABOUT_RETURN_TYPE = YES_ERROR;
				GCC_WARN_UNDECLARED_SELECTOR = YES;
				GCC_WARN_UNINITIALIZED_AUTOS = YES_AGGRESSIVE;
				GCC_WARN_UNUSED_FUNCTION = YES;
				GCC_WARN_UNUSED_VARIABLE = YES;
				IPHONEOS_DEPLOYMENT_TARGET = 15.0;
				MTL_ENABLE_DEBUG_INFO = INCLUDE_SOURCE;
				MTL_FAST_MATH = YES;
				ONLY_ACTIVE_ARCH = YES;
				SDKROOT = iphoneos;
				SWIFT_ACTIVE_COMPILATION_CONDITIONS = DEBUG;
				SWIFT_OPTIMIZATION_LEVEL = "-Onone";
			};
			name = Debug;
		};
		814F0005275E812A00B15979 /* Release */ = {
			isa = XCBuildConfiguration;
			buildSettings = {
				ALWAYS_SEARCH_USER_PATHS = NO;
				CLANG_ANALYZER_NONNULL = YES;
				CLANG_ANALYZER_NUMBER_OBJECT_CONVERSION = YES_AGGRESSIVE;
				CLANG_CXX_LANGUAGE_STANDARD = "gnu++17";
				CLANG_CXX_LIBRARY = "libc++";
				CLANG_ENABLE_MODULES = YES;
				CLANG_ENABLE_OBJC_ARC = YES;
				CLANG_ENABLE_OBJC_WEAK = YES;
				CLANG_WARN_BLOCK_CAPTURE_AUTORELEASING = YES;
				CLANG_WARN_BOOL_CONVERSION = YES;
				CLANG_WARN_COMMA = YES;
				CLANG_WARN_CONSTANT_CONVERSION = YES;
				CLANG_WARN_DEPRECATED_OBJC_IMPLEMENTATIONS = YES;
				CLANG_WARN_DIRECT_OBJC_ISA_USAGE = YES_ERROR;
				CLANG_WARN_DOCUMENTATION_COMMENTS = YES;
				CLANG_WARN_EMPTY_BODY = YES;
				CLANG_WARN_ENUM_CONVERSION = YES;
				CLANG_WARN_INFINITE_RECURSION = YES;
				CLANG_WARN_INT_CONVERSION = YES;
				CLANG_WARN_NON_LITERAL_NULL_CONVERSION = YES;
				CLANG_WARN_OBJC_IMPLICIT_RETAIN_SELF = YES;
				CLANG_WARN_OBJC_LITERAL_CONVERSION = YES;
				CLANG_WARN_OBJC_ROOT_CLASS = YES_ERROR;
				CLANG_WARN_QUOTED_INCLUDE_IN_FRAMEWORK_HEADER = YES;
				CLANG_WARN_RANGE_LOOP_ANALYSIS = YES;
				CLANG_WARN_STRICT_PROTOTYPES = YES;
				CLANG_WARN_SUSPICIOUS_MOVE = YES;
				CLANG_WARN_UNGUARDED_AVAILABILITY = YES_AGGRESSIVE;
				CLANG_WARN_UNREACHABLE_CODE = YES;
				CLANG_WARN__DUPLICATE_METHOD_MATCH = YES;
				COPY_PHASE_STRIP = NO;
				DEBUG_INFORMATION_FORMAT = "dwarf-with-dsym";
				ENABLE_NS_ASSERTIONS = NO;
				ENABLE_STRICT_OBJC_MSGSEND = YES;
				GCC_C_LANGUAGE_STANDARD = gnu11;
				GCC_NO_COMMON_BLOCKS = YES;
				GCC_WARN_64_TO_32_BIT_CONVERSION = YES;
				GCC_WARN_ABOUT_RETURN_TYPE = YES_ERROR;
				GCC_WARN_UNDECLARED_SELECTOR = YES;
				GCC_WARN_UNINITIALIZED_AUTOS = YES_AGGRESSIVE;
				GCC_WARN_UNUSED_FUNCTION = YES;
				GCC_WARN_UNUSED_VARIABLE = YES;
				IPHONEOS_DEPLOYMENT_TARGET = 15.0;
				MTL_ENABLE_DEBUG_INFO = NO;
				MTL_FAST_MATH = YES;
				SDKROOT = iphoneos;
				SWIFT_COMPILATION_MODE = wholemodule;
				SWIFT_OPTIMIZATION_LEVEL = "-O";
				VALIDATE_PRODUCT = YES;
			};
			name = Release;
		};
		814F0007275E812A00B15979 /* Debug */ = {
			isa = XCBuildConfiguration;
			buildSettings = {
				ASSETCATALOG_COMPILER_APPICON_NAME = AppIcon;
				ASSETCATALOG_COMPILER_GLOBAL_ACCENT_COLOR_NAME = AccentColor;
				CODE_SIGN_STYLE = Automatic;
				CURRENT_PROJECT_VERSION = 1;
				DEVELOPMENT_ASSET_PATHS = "\"Bookmark UI/Preview Content\"";
				DEVELOPMENT_TEAM = XYU6KDT69V;
				ENABLE_PREVIEWS = YES;
				GENERATE_INFOPLIST_FILE = YES;
				INFOPLIST_KEY_UIApplicationSceneManifest_Generation = YES;
				INFOPLIST_KEY_UIApplicationSupportsIndirectInputEvents = YES;
				INFOPLIST_KEY_UILaunchScreen_Generation = YES;
				INFOPLIST_KEY_UISupportedInterfaceOrientations_iPad = "UIInterfaceOrientationPortrait UIInterfaceOrientationPortraitUpsideDown UIInterfaceOrientationLandscapeLeft UIInterfaceOrientationLandscapeRight";
				INFOPLIST_KEY_UISupportedInterfaceOrientations_iPhone = "UIInterfaceOrientationPortrait UIInterfaceOrientationLandscapeLeft UIInterfaceOrientationLandscapeRight";
				LD_RUNPATH_SEARCH_PATHS = (
					"$(inherited)",
					"@executable_path/Frameworks",
				);
				MARKETING_VERSION = 1.0;
				PRODUCT_BUNDLE_IDENTIFIER = "com.azamatk.Bookmark-UI";
				PRODUCT_NAME = "$(TARGET_NAME)";
				SWIFT_EMIT_LOC_STRINGS = YES;
				SWIFT_VERSION = 5.0;
				TARGETED_DEVICE_FAMILY = "1,2";
			};
			name = Debug;
		};
		814F0008275E812A00B15979 /* Release */ = {
			isa = XCBuildConfiguration;
			buildSettings = {
				ASSETCATALOG_COMPILER_APPICON_NAME = AppIcon;
				ASSETCATALOG_COMPILER_GLOBAL_ACCENT_COLOR_NAME = AccentColor;
				CODE_SIGN_STYLE = Automatic;
				CURRENT_PROJECT_VERSION = 1;
				DEVELOPMENT_ASSET_PATHS = "\"Bookmark UI/Preview Content\"";
				DEVELOPMENT_TEAM = XYU6KDT69V;
				ENABLE_PREVIEWS = YES;
				GENERATE_INFOPLIST_FILE = YES;
				INFOPLIST_KEY_UIApplicationSceneManifest_Generation = YES;
				INFOPLIST_KEY_UIApplicationSupportsIndirectInputEvents = YES;
				INFOPLIST_KEY_UILaunchScreen_Generation = YES;
				INFOPLIST_KEY_UISupportedInterfaceOrientations_iPad = "UIInterfaceOrientationPortrait UIInterfaceOrientationPortraitUpsideDown UIInterfaceOrientationLandscapeLeft UIInterfaceOrientationLandscapeRight";
				INFOPLIST_KEY_UISupportedInterfaceOrientations_iPhone = "UIInterfaceOrientationPortrait UIInterfaceOrientationLandscapeLeft UIInterfaceOrientationLandscapeRight";
				LD_RUNPATH_SEARCH_PATHS = (
					"$(inherited)",
					"@executable_path/Frameworks",
				);
				MARKETING_VERSION = 1.0;
				PRODUCT_BUNDLE_IDENTIFIER = "com.azamatk.Bookmark-UI";
				PRODUCT_NAME = "$(TARGET_NAME)";
				SWIFT_EMIT_LOC_STRINGS = YES;
				SWIFT_VERSION = 5.0;
				TARGETED_DEVICE_FAMILY = "1,2";
			};
			name = Release;
		};
/* End XCBuildConfiguration section */

/* Begin XCConfigurationList section */
		814F0006275E812A00B15979 /* Build configuration list for PBXNativeTarget "Bookmark UI" */ = {
			isa = XCConfigurationList;
			buildConfigurations = (
				814F0007275E812A00B15979 /* Debug */,
				814F0008275E812A00B15979 /* Release */,
			);
			defaultConfigurationIsVisible = 0;
			defaultConfigurationName = Release;
		};
		814FFFF3275E812800B15979 /* Build configuration list for PBXProject "Bookmark UI" */ = {
			isa = XCConfigurationList;
			buildConfigurations = (
				814F0004275E812A00B15979 /* Debug */,
				814F0005275E812A00B15979 /* Release */,
			);
			defaultConfigurationIsVisible = 0;
			defaultConfigurationName = Release;
		};
/* End XCConfigurationList section */
	};
	rootObject = 814FFFF0275E812800B15979 /* Project object */;
}
